
Microsoft Visual Studio Solution File, Format Version 12.00
# Visual Studio Version 17
VisualStudioVersion = 17.13.35919.96 d17.13
MinimumVisualStudioVersion = 10.0.40219.1
Project("{FAE04EC0-301F-11D3-BF4B-00C04F79EFBC}") = "ProductsApp", "ProductsApp\ProductsApp.csproj", "{08001A35-2CF0-471B-8CFC-9B668A7AD78F}"
EndProject
Project("{FAE04EC0-301F-11D3-BF4B-00C04F79EFBC}") = "ProductsApp.Tests", "ProductsApp.Tests\ProductsApp.Tests.csproj", "{EB3E9AA9-A1E3-4EF2-AD07-658D8180D3E2}"
EndProject
Global
	GlobalSection(SolutionConfigurationPlatforms) = preSolution
		Debug|Any CPU = Debug|Any CPU
		Release|Any CPU = Release|Any CPU
	EndGlobalSection
	GlobalSection(ProjectConfigurationPlatforms) = postSolution
		{08001A35-2CF0-471B-8CFC-9B668A7AD78F}.Debug|Any CPU.ActiveCfg = Debug|Any CPU
		{08001A35-2CF0-471B-8CFC-9B668A7AD78F}.Debug|Any CPU.Build.0 = Debug|Any CPU
		{08001A35-2CF0-471B-8CFC-9B668A7AD78F}.Release|Any CPU.ActiveCfg = Release|Any CPU
		{08001A35-2CF0-471B-8CFC-9B668A7AD78F}.Release|Any CPU.Build.0 = Release|Any CPU
		{EB3E9AA9-A1E3-4EF2-AD07-658D8180D3E2}.Debug|Any CPU.ActiveCfg = Debug|Any CPU
		{EB3E9AA9-A1E3-4EF2-AD07-658D8180D3E2}.Debug|Any CPU.Build.0 = Debug|Any CPU
		{EB3E9AA9-A1E3-4EF2-AD07-658D8180D3E2}.Release|Any CPU.ActiveCfg = Release|Any CPU
		{EB3E9AA9-A1E3-4EF2-AD07-658D8180D3E2}.Release|Any CPU.Build.0 = Release|Any CPU
	EndGlobalSection
	GlobalSection(SolutionProperties) = preSolution
		HideSolutionNode = FALSE
	EndGlobalSection
	GlobalSection(ExtensibilityGlobals) = postSolution
		SolutionGuid = {D3C32305-CFC2-478B-84B0-B6C98EB59FCC}
	EndGlobalSection
EndGlobal
